
Microsoft Visual Studio Solution File, Format Version 12.00
Project("{FAE04EC0-301F-11D3-BF4B-00C04F79EFBC}") = "PrivateTests", "PrivateTests\PrivateTests.csproj", "{A33BD1BC-D39C-402C-AECD-B595BB4C569C}"
EndProject
Project("{FAE04EC0-301F-11D3-BF4B-00C04F79EFBC}") = "PrivateTests.Tests", "PrivateTests.Tests\PrivateTests.Tests.csproj", "{9177EFF3-776C-4B55-9D36-705109B6CEF2}"
EndProject
Global
	GlobalSection(SolutionConfigurationPlatforms) = preSolution
		Debug|Any CPU = Debug|Any CPU
		Release|Any CPU = Release|Any CPU
	EndGlobalSection
	GlobalSection(ProjectConfigurationPlatforms) = postSolution
		{A33BD1BC-D39C-402C-AECD-B595BB4C569C}.Debug|Any CPU.ActiveCfg = Debug|Any CPU
		{A33BD1BC-D39C-402C-AECD-B595BB4C569C}.Debug|Any CPU.Build.0 = Debug|Any CPU
		{A33BD1BC-D39C-402C-AECD-B595BB4C569C}.Release|Any CPU.ActiveCfg = Release|Any CPU
		{A33BD1BC-D39C-402C-AECD-B595BB4C569C}.Release|Any CPU.Build.0 = Release|Any CPU
		{9177EFF3-776C-4B55-9D36-705109B6CEF2}.Debug|Any CPU.ActiveCfg = Debug|Any CPU
		{9177EFF3-776C-4B55-9D36-705109B6CEF2}.Debug|Any CPU.Build.0 = Debug|Any CPU
		{9177EFF3-776C-4B55-9D36-705109B6CEF2}.Release|Any CPU.ActiveCfg = Release|Any CPU
		{9177EFF3-776C-4B55-9D36-705109B6CEF2}.Release|Any CPU.Build.0 = Release|Any CPU
	EndGlobalSection
EndGlobal
